
Microsoft Visual Studio Solution File, Format Version 12.00
# Visual Studio Version 18
VisualStudioVersion = 18.0.11205.157
MinimumVisualStudioVersion = 10.0.40219.1
Project("{2150E333-8FDC-42A3-9474-1A3956D46DE8}") = "Solution Folder", "Solution Folder", "{02EA681E-C7D8-13C7-8484-4AC65E1B71E8}"
	ProjectSection(SolutionItems) = preProject
		.editorconfig = .editorconfig
		.gitignore = .gitignore
		CHANGELOG.md = CHANGELOG.md
		LICENSE = LICENSE
		README.md = README.md
	EndProjectSection
EndProject
Project("{FAE04EC0-301F-11D3-BF4B-00C04F79EFBC}") = "Mcp.Gateway.Tools", "Mcp.Gateway.Tools\Mcp.Gateway.Tools.csproj", "{BC5B75A5-7BC5-4ECA-8EA0-A027A86776BF}"
EndProject
Project("{FAE04EC0-301F-11D3-BF4B-00C04F79EFBC}") = "Mcp.Gateway.Tests", "Mcp.Gateway.Tests\Mcp.Gateway.Tests.csproj", "{1922CEEB-EA6A-497E-F01D-8263B11438FF}"
EndProject
Project("{2150E333-8FDC-42A3-9474-1A3956D46DE8}") = "docs", "docs", "{74DBB65B-8717-4BC6-B042-79FDA377A533}"
	ProjectSection(SolutionItems) = preProject
		docs\JSON-RPC-2.0-spec.md = docs\JSON-RPC-2.0-spec.md
		docs\MCP-Protocol-Verification.md = docs\MCP-Protocol-Verification.md
		docs\MCP-Protocol.md = docs\MCP-Protocol.md
		docs\StreamingProtocol.md = docs\StreamingProtocol.md
	EndProjectSection
EndProject
Project("{2150E333-8FDC-42A3-9474-1A3956D46DE8}") = ".github", ".github", "{2073C2C6-7C99-46FE-90E3-E845EEF2FD6C}"
	ProjectSection(SolutionItems) = preProject
		.github\copilot-instructions.md = .github\copilot-instructions.md
		.github\release-notes.md = .github\release-notes.md
	EndProjectSection
EndProject
Project("{FAE04EC0-301F-11D3-BF4B-00C04F79EFBC}") = "Mcp.Gateway.Benchmarks", "Mcp.Gateway.Benchmarks\Mcp.Gateway.Benchmarks.csproj", "{5AD7C004-0D72-EB71-C28B-8686BC69A566}"
EndProject
Project("{2150E333-8FDC-42A3-9474-1A3956D46DE8}") = ".internal", ".internal", "{ECD71231-234D-434A-9891-059749093AC1}"
	ProjectSection(SolutionItems) = preProject
		.internal\.gitkeep = .internal\.gitkeep
		.internal\README.md = .internal\README.md
	EndProjectSection
EndProject
Project("{2150E333-8FDC-42A3-9474-1A3956D46DE8}") = "notes", "notes", "{CC761499-6044-48DF-9E01-744F32E64955}"
	ProjectSection(SolutionItems) = preProject
		.internal\notes\ArrayPool-Implementation.md = .internal\notes\ArrayPool-Implementation.md
		.internal\notes\attributes.md = .internal\notes\attributes.md
		.internal\notes\Auto-Generated-Tool-Names.md = .internal\notes\Auto-Generated-Tool-Names.md
		.internal\notes\HybridToolAPI-Plan.md = .internal\notes\HybridToolAPI-Plan.md
		.internal\notes\Performance-Optimization-Plan.md = .internal\notes\Performance-Optimization-Plan.md
		.internal\notes\Quick-Wins-Session-Summary.md = .internal\notes\Quick-Wins-Session-Summary.md
	EndProjectSection
EndProject
Project("{2150E333-8FDC-42A3-9474-1A3956D46DE8}") = "workflows", "workflows", "{D9842DC7-A4E0-4990-8C20-F27C0424D473}"
	ProjectSection(SolutionItems) = preProject
		.github\workflows\release.yml = .github\workflows\release.yml
		.github\workflows\test.yml = .github\workflows\test.yml
	EndProjectSection
EndProject
Project("{2150E333-8FDC-42A3-9474-1A3956D46DE8}") = "v1.2.0", "v1.2.0", "{C8687C11-EA0D-401B-AD02-315FDD9E5FED}"
	ProjectSection(SolutionItems) = preProject
		.internal\notes\v1.2.0\implementation-plan.md = .internal\notes\v1.2.0\implementation-plan.md
		.internal\notes\v1.2.0\ollama-integration.md = .internal\notes\v1.2.0\ollama-integration.md
		.internal\notes\v1.2.0\ollama-reverse-integration.md = .internal\notes\v1.2.0\ollama-reverse-integration.md
		.internal\notes\v1.2.0\phase-0-progress.md = .internal\notes\v1.2.0\phase-0-progress.md
		.internal\notes\v1.2.0\phase-0-tool-capabilities.md = .internal\notes\v1.2.0\phase-0-tool-capabilities.md
		.internal\notes\v1.2.0\README.md = .internal\notes\v1.2.0\README.md
	EndProjectSection
EndProject
Project("{2150E333-8FDC-42A3-9474-1A3956D46DE8}") = "guides", "guides", "{21C726F2-FA45-4A7D-A2F8-4DBFA66DC69A}"
	ProjectSection(SolutionItems) = preProject
		.internal\guides\GitHub-Actions-Testing.md = .internal\guides\GitHub-Actions-Testing.md
		.internal\guides\GitHub-Actions-Trusted-Publishing.md = .internal\guides\GitHub-Actions-Trusted-Publishing.md
		.internal\guides\GitHub-Release-Automation.md = .internal\guides\GitHub-Release-Automation.md
		.internal\guides\NuGet-Publishing-Guide.md = .internal\guides\NuGet-Publishing-Guide.md
		.internal\guides\RELEASE_INSTRUCTIONS.md = .internal\guides\RELEASE_INSTRUCTIONS.md
	EndProjectSection
EndProject
Project("{2150E333-8FDC-42A3-9474-1A3956D46DE8}") = "releases", "releases", "{D9CA5D71-21C8-4EC0-8545-C2BF80DFAE88}"
EndProject
Project("{2150E333-8FDC-42A3-9474-1A3956D46DE8}") = "v1.0.1", "v1.0.1", "{F53B772B-6966-40C1-9B53-5AEBB10833A5}"
	ProjectSection(SolutionItems) = preProject
		.internal\releases\v1.0.1\RELEASE_CHECKLIST.md = .internal\releases\v1.0.1\RELEASE_CHECKLIST.md
		.internal\releases\v1.0.1\v1.0.1-Release-Summary.md = .internal\releases\v1.0.1\v1.0.1-Release-Summary.md
	EndProjectSection
EndProject
Project("{2150E333-8FDC-42A3-9474-1A3956D46DE8}") = "v1.1.0", "v1.1.0", "{6D9854D0-9A0F-4AFE-A72B-E865351BD45B}"
	ProjectSection(SolutionItems) = preProject
		.internal\releases\v1.1.0\release-notes.md = .internal\releases\v1.1.0\release-notes.md
	EndProjectSection
EndProject
Project("{2150E333-8FDC-42A3-9474-1A3956D46DE8}") = "examples", "examples", "{261EEC25-A03C-4DA7-98BF-CD7D4B045362}"
	ProjectSection(SolutionItems) = preProject
		docs\examples\client-examples.md = docs\examples\client-examples.md
		docs\examples\toolconnector-usage.md = docs\examples\toolconnector-usage.md
	EndProjectSection
EndProject
Project("{2150E333-8FDC-42A3-9474-1A3956D46DE8}") = "Examples", "Examples", "{6A8723BD-3073-45B4-AAC3-AA46A1973400}"
EndProject
Project("{FAE04EC0-301F-11D3-BF4B-00C04F79EFBC}") = "OllamaIntegration", "Examples\OllamaIntegration\OllamaIntegration.csproj", "{5BFCF882-622C-B8D2-008C-76CD9475AB09}"
EndProject
Project("{FAE04EC0-301F-11D3-BF4B-00C04F79EFBC}") = "OllamaIntegrationTests", "Examples\OllamaIntegrationTests\OllamaIntegrationTests.csproj", "{426E85F2-5FB2-4C0A-9F2C-82433DB3DF6E}"
EndProject
Project("{FAE04EC0-301F-11D3-BF4B-00C04F79EFBC}") = "DateTimeMcpServer", "Examples\DateTimeMcpServer\DateTimeMcpServer.csproj", "{1579CBDE-9C24-473F-B6DD-417D71F97C2B}"
EndProject
Project("{FAE04EC0-301F-11D3-BF4B-00C04F79EFBC}") = "DateTimeMcpServerTests", "Examples\DateTimeMcpServerTests\DateTimeMcpServerTests.csproj", "{A4DF21BD-1EB0-449A-B43B-729B429A4EE0}"
EndProject
Project("{FAE04EC0-301F-11D3-BF4B-00C04F79EFBC}") = "CalculatorMcpServer", "Examples\CalculatorMcpServer\CalculatorMcpServer.csproj", "{654DEA13-FFEF-4409-8719-255176B3CAB3}"
EndProject
Project("{FAE04EC0-301F-11D3-BF4B-00C04F79EFBC}") = "CalculatorMcpServerTests", "Examples\CalculatorMcpServerTests\CalculatorMcpServerTests.csproj", "{407A66C2-9148-4AD2-9B48-B940C5E282FB}"
EndProject
Project("{FAE04EC0-301F-11D3-BF4B-00C04F79EFBC}") = "DevTestServer", "DevTestServer\DevTestServer.csproj", "{4BFAB8A9-E6CF-94B8-775B-C274DE130B98}"
EndProject
Project("{2150E333-8FDC-42A3-9474-1A3956D46DE8}") = "v1.2.0", "v1.2.0", "{F5C540EC-FE47-400E-8D27-806115FB3ACB}"
	ProjectSection(SolutionItems) = preProject
		.internal\releases\v1.2.0\release-note.md = .internal\releases\v1.2.0\release-note.md
	EndProjectSection
EndProject
Project("{2150E333-8FDC-42A3-9474-1A3956D46DE8}") = "v1.3.0", "v1.3.0", "{8C286EB7-6319-426B-9673-B788916EA895}"
	ProjectSection(SolutionItems) = preProject
		.internal\notes\v1.3.0\plan.md = .internal\notes\v1.3.0\plan.md
	EndProjectSection
EndProject
Project("{2150E333-8FDC-42A3-9474-1A3956D46DE8}") = "v1.3.0", "v1.3.0", "{9DAB6414-448B-4DFC-B91F-0522E0E6A296}"
	ProjectSection(SolutionItems) = preProject
		.internal\releases\v1.3.0\release-note.md = .internal\releases\v1.3.0\release-note.md
	EndProjectSection
EndProject
Project("{2150E333-8FDC-42A3-9474-1A3956D46DE8}") = "v1.4.0", "v1.4.0", "{38BE54B3-B805-4083-843A-E963842AC97F}"
	ProjectSection(SolutionItems) = preProject
		.internal\notes\v1.4.0\plan-v1.4.0.md = .internal\notes\v1.4.0\plan-v1.4.0.md
	EndProjectSection
EndProject
Project("{FAE04EC0-301F-11D3-BF4B-00C04F79EFBC}") = "PromptMcpServer", "Examples\PromptMcpServer\PromptMcpServer.csproj", "{3AC218F7-7B03-4157-A57F-405090DC2055}"
EndProject
Project("{FAE04EC0-301F-11D3-BF4B-00C04F79EFBC}") = "PromptMcpServerTests", "Examples\PromptMcpServerTests\PromptMcpServerTests.csproj", "{9834D13C-B059-4867-B53E-50A072964667}"
EndProject
Project("{2150E333-8FDC-42A3-9474-1A3956D46DE8}") = "v1.4.0", "v1.4.0", "{585FCBFB-07BB-48A2-91C8-1F9904C7271A}"
	ProjectSection(SolutionItems) = preProject
		.internal\releases\v1.4.0\release-note.md = .internal\releases\v1.4.0\release-note.md
	EndProjectSection
EndProject
Project("{2150E333-8FDC-42A3-9474-1A3956D46DE8}") = "v1.5.0", "v1.5.0", "{0089E81B-D429-4A49-B03E-1578BB969E32}"
	ProjectSection(SolutionItems) = preProject
		.internal\notes\v1.5.0\mcp-resources.md = .internal\notes\v1.5.0\mcp-resources.md
	EndProjectSection
EndProject
Project("{FAE04EC0-301F-11D3-BF4B-00C04F79EFBC}") = "ResourceMcpServer", "Examples\ResourceMcpServer\ResourceMcpServer.csproj", "{91786790-724C-2EAF-1A8C-791C17A228C9}"
EndProject
Project("{FAE04EC0-301F-11D3-BF4B-00C04F79EFBC}") = "ResourceMcpServerTests", "Examples\ResourceMcpServerTests\ResourceMcpServerTests.csproj", "{F1F067CA-83C0-67D4-1249-16927E2CB73A}"
EndProject
Project("{2150E333-8FDC-42A3-9474-1A3956D46DE8}") = "v1.5.0", "v1.5.0", "{A479886F-9CB7-4446-9761-54AB8A22265B}"
	ProjectSection(SolutionItems) = preProject
		.internal\releases\v1.5.0\release-note.md = .internal\releases\v1.5.0\release-note.md
	EndProjectSection
EndProject
Project("{2150E333-8FDC-42A3-9474-1A3956D46DE8}") = "v1.6.0", "v1.6.0", "{C63C0671-956F-4231-814C-F6DF2A483FCF}"
	ProjectSection(SolutionItems) = preProject
		.internal\notes\v1.6.0\focus-for-this-release.md = .internal\notes\v1.6.0\focus-for-this-release.md
	EndProjectSection
EndProject
Project("{FAE04EC0-301F-11D3-BF4B-00C04F79EFBC}") = "PaginationMcpServer", "Examples\PaginationMcpServer\PaginationMcpServer.csproj", "{5AC87E72-6375-4565-9E26-DD3E1890BFB6}"
EndProject
Project("{FAE04EC0-301F-11D3-BF4B-00C04F79EFBC}") = "PaginationMcpServerTests", "Examples\PaginationMcpServerTests\PaginationMcpServerTests.csproj", "{288DC7FF-9391-47DE-BE80-6CE03E38CBE2}"
EndProject
Global
	GlobalSection(SolutionConfigurationPlatforms) = preSolution
		Debug|Any CPU = Debug|Any CPU
		Debug|x64 = Debug|x64
		Debug|x86 = Debug|x86
		Release|Any CPU = Release|Any CPU
		Release|x64 = Release|x64
		Release|x86 = Release|x86
	EndGlobalSection
	GlobalSection(ProjectConfigurationPlatforms) = postSolution
		{BC5B75A5-7BC5-4ECA-8EA0-A027A86776BF}.Debug|Any CPU.ActiveCfg = Debug|Any CPU
		{BC5B75A5-7BC5-4ECA-8EA0-A027A86776BF}.Debug|Any CPU.Build.0 = Debug|Any CPU
		{BC5B75A5-7BC5-4ECA-8EA0-A027A86776BF}.Debug|x64.ActiveCfg = Debug|Any CPU
		{BC5B75A5-7BC5-4ECA-8EA0-A027A86776BF}.Debug|x64.Build.0 = Debug|Any CPU
		{BC5B75A5-7BC5-4ECA-8EA0-A027A86776BF}.Debug|x86.ActiveCfg = Debug|Any CPU
		{BC5B75A5-7BC5-4ECA-8EA0-A027A86776BF}.Debug|x86.Build.0 = Debug|Any CPU
		{BC5B75A5-7BC5-4ECA-8EA0-A027A86776BF}.Release|Any CPU.ActiveCfg = Release|Any CPU
		{BC5B75A5-7BC5-4ECA-8EA0-A027A86776BF}.Release|Any CPU.Build.0 = Release|Any CPU
		{BC5B75A5-7BC5-4ECA-8EA0-A027A86776BF}.Release|x64.ActiveCfg = Release|Any CPU
		{BC5B75A5-7BC5-4ECA-8EA0-A027A86776BF}.Release|x64.Build.0 = Release|Any CPU
		{BC5B75A5-7BC5-4ECA-8EA0-A027A86776BF}.Release|x86.ActiveCfg = Release|Any CPU
		{BC5B75A5-7BC5-4ECA-8EA0-A027A86776BF}.Release|x86.Build.0 = Release|Any CPU
		{1922CEEB-EA6A-497E-F01D-8263B11438FF}.Debug|Any CPU.ActiveCfg = Debug|Any CPU
		{1922CEEB-EA6A-497E-F01D-8263B11438FF}.Debug|Any CPU.Build.0 = Debug|Any CPU
		{1922CEEB-EA6A-497E-F01D-8263B11438FF}.Debug|x64.ActiveCfg = Debug|Any CPU
		{1922CEEB-EA6A-497E-F01D-8263B11438FF}.Debug|x64.Build.0 = Debug|Any CPU
		{1922CEEB-EA6A-497E-F01D-8263B11438FF}.Debug|x86.ActiveCfg = Debug|Any CPU
		{1922CEEB-EA6A-497E-F01D-8263B11438FF}.Debug|x86.Build.0 = Debug|Any CPU
		{1922CEEB-EA6A-497E-F01D-8263B11438FF}.Release|Any CPU.ActiveCfg = Release|Any CPU
		{1922CEEB-EA6A-497E-F01D-8263B11438FF}.Release|Any CPU.Build.0 = Release|Any CPU
		{1922CEEB-EA6A-497E-F01D-8263B11438FF}.Release|x64.ActiveCfg = Release|Any CPU
		{1922CEEB-EA6A-497E-F01D-8263B11438FF}.Release|x64.Build.0 = Release|Any CPU
		{1922CEEB-EA6A-497E-F01D-8263B11438FF}.Release|x86.ActiveCfg = Release|Any CPU
		{1922CEEB-EA6A-497E-F01D-8263B11438FF}.Release|x86.Build.0 = Release|Any CPU
		{5AD7C004-0D72-EB71-C28B-8686BC69A566}.Debug|Any CPU.ActiveCfg = Debug|Any CPU
		{5AD7C004-0D72-EB71-C28B-8686BC69A566}.Debug|Any CPU.Build.0 = Debug|Any CPU
		{5AD7C004-0D72-EB71-C28B-8686BC69A566}.Debug|x64.ActiveCfg = Debug|Any CPU
		{5AD7C004-0D72-EB71-C28B-8686BC69A566}.Debug|x64.Build.0 = Debug|Any CPU
		{5AD7C004-0D72-EB71-C28B-8686BC69A566}.Debug|x86.ActiveCfg = Debug|Any CPU
		{5AD7C004-0D72-EB71-C28B-8686BC69A566}.Debug|x86.Build.0 = Debug|Any CPU
		{5AD7C004-0D72-EB71-C28B-8686BC69A566}.Release|Any CPU.ActiveCfg = Release|Any CPU
		{5AD7C004-0D72-EB71-C28B-8686BC69A566}.Release|Any CPU.Build.0 = Release|Any CPU
		{5AD7C004-0D72-EB71-C28B-8686BC69A566}.Release|x64.ActiveCfg = Release|Any CPU
		{5AD7C004-0D72-EB71-C28B-8686BC69A566}.Release|x64.Build.0 = Release|Any CPU
		{5AD7C004-0D72-EB71-C28B-8686BC69A566}.Release|x86.ActiveCfg = Release|Any CPU
		{5AD7C004-0D72-EB71-C28B-8686BC69A566}.Release|x86.Build.0 = Release|Any CPU
		{5BFCF882-622C-B8D2-008C-76CD9475AB09}.Debug|Any CPU.ActiveCfg = Debug|Any CPU
		{5BFCF882-622C-B8D2-008C-76CD9475AB09}.Debug|Any CPU.Build.0 = Debug|Any CPU
		{5BFCF882-622C-B8D2-008C-76CD9475AB09}.Debug|x64.ActiveCfg = Debug|Any CPU
		{5BFCF882-622C-B8D2-008C-76CD9475AB09}.Debug|x64.Build.0 = Debug|Any CPU
		{5BFCF882-622C-B8D2-008C-76CD9475AB09}.Debug|x86.ActiveCfg = Debug|Any CPU
		{5BFCF882-622C-B8D2-008C-76CD9475AB09}.Debug|x86.Build.0 = Debug|Any CPU
		{5BFCF882-622C-B8D2-008C-76CD9475AB09}.Release|Any CPU.ActiveCfg = Release|Any CPU
		{5BFCF882-622C-B8D2-008C-76CD9475AB09}.Release|Any CPU.Build.0 = Release|Any CPU
		{5BFCF882-622C-B8D2-008C-76CD9475AB09}.Release|x64.ActiveCfg = Release|Any CPU
		{5BFCF882-622C-B8D2-008C-76CD9475AB09}.Release|x64.Build.0 = Release|Any CPU
		{5BFCF882-622C-B8D2-008C-76CD9475AB09}.Release|x86.ActiveCfg = Release|Any CPU
		{5BFCF882-622C-B8D2-008C-76CD9475AB09}.Release|x86.Build.0 = Release|Any CPU
		{426E85F2-5FB2-4C0A-9F2C-82433DB3DF6E}.Debug|Any CPU.ActiveCfg = Debug|Any CPU
		{426E85F2-5FB2-4C0A-9F2C-82433DB3DF6E}.Debug|Any CPU.Build.0 = Debug|Any CPU
		{426E85F2-5FB2-4C0A-9F2C-82433DB3DF6E}.Debug|x64.ActiveCfg = Debug|Any CPU
		{426E85F2-5FB2-4C0A-9F2C-82433DB3DF6E}.Debug|x64.Build.0 = Debug|Any CPU
		{426E85F2-5FB2-4C0A-9F2C-82433DB3DF6E}.Debug|x86.ActiveCfg = Debug|Any CPU
		{426E85F2-5FB2-4C0A-9F2C-82433DB3DF6E}.Debug|x86.Build.0 = Debug|Any CPU
		{426E85F2-5FB2-4C0A-9F2C-82433DB3DF6E}.Release|Any CPU.ActiveCfg = Release|Any CPU
		{426E85F2-5FB2-4C0A-9F2C-82433DB3DF6E}.Release|Any CPU.Build.0 = Release|Any CPU
		{426E85F2-5FB2-4C0A-9F2C-82433DB3DF6E}.Release|x64.ActiveCfg = Release|Any CPU
		{426E85F2-5FB2-4C0A-9F2C-82433DB3DF6E}.Release|x64.Build.0 = Release|Any CPU
		{426E85F2-5FB2-4C0A-9F2C-82433DB3DF6E}.Release|x86.ActiveCfg = Release|Any CPU
		{426E85F2-5FB2-4C0A-9F2C-82433DB3DF6E}.Release|x86.Build.0 = Release|Any CPU
		{1579CBDE-9C24-473F-B6DD-417D71F97C2B}.Debug|Any CPU.ActiveCfg = Debug|Any CPU
		{1579CBDE-9C24-473F-B6DD-417D71F97C2B}.Debug|Any CPU.Build.0 = Debug|Any CPU
		{1579CBDE-9C24-473F-B6DD-417D71F97C2B}.Debug|x64.ActiveCfg = Debug|Any CPU
		{1579CBDE-9C24-473F-B6DD-417D71F97C2B}.Debug|x64.Build.0 = Debug|Any CPU
		{1579CBDE-9C24-473F-B6DD-417D71F97C2B}.Debug|x86.ActiveCfg = Debug|Any CPU
		{1579CBDE-9C24-473F-B6DD-417D71F97C2B}.Debug|x86.Build.0 = Debug|Any CPU
		{1579CBDE-9C24-473F-B6DD-417D71F97C2B}.Release|Any CPU.ActiveCfg = Release|Any CPU
		{1579CBDE-9C24-473F-B6DD-417D71F97C2B}.Release|Any CPU.Build.0 = Release|Any CPU
		{1579CBDE-9C24-473F-B6DD-417D71F97C2B}.Release|x64.ActiveCfg = Release|Any CPU
		{1579CBDE-9C24-473F-B6DD-417D71F97C2B}.Release|x64.Build.0 = Release|Any CPU
		{1579CBDE-9C24-473F-B6DD-417D71F97C2B}.Release|x86.ActiveCfg = Release|Any CPU
		{1579CBDE-9C24-473F-B6DD-417D71F97C2B}.Release|x86.Build.0 = Release|Any CPU
		{A4DF21BD-1EB0-449A-B43B-729B429A4EE0}.Debug|Any CPU.ActiveCfg = Debug|Any CPU
		{A4DF21BD-1EB0-449A-B43B-729B429A4EE0}.Debug|Any CPU.Build.0 = Debug|Any CPU
		{A4DF21BD-1EB0-449A-B43B-729B429A4EE0}.Debug|x64.ActiveCfg = Debug|Any CPU
		{A4DF21BD-1EB0-449A-B43B-729B429A4EE0}.Debug|x64.Build.0 = Debug|Any CPU
		{A4DF21BD-1EB0-449A-B43B-729B429A4EE0}.Debug|x86.ActiveCfg = Debug|Any CPU
		{A4DF21BD-1EB0-449A-B43B-729B429A4EE0}.Debug|x86.Build.0 = Debug|Any CPU
		{A4DF21BD-1EB0-449A-B43B-729B429A4EE0}.Release|Any CPU.ActiveCfg = Release|Any CPU
		{A4DF21BD-1EB0-449A-B43B-729B429A4EE0}.Release|Any CPU.Build.0 = Release|Any CPU
		{A4DF21BD-1EB0-449A-B43B-729B429A4EE0}.Release|x64.ActiveCfg = Release|Any CPU
		{A4DF21BD-1EB0-449A-B43B-729B429A4EE0}.Release|x64.Build.0 = Release|Any CPU
		{A4DF21BD-1EB0-449A-B43B-729B429A4EE0}.Release|x86.ActiveCfg = Release|Any CPU
		{A4DF21BD-1EB0-449A-B43B-729B429A4EE0}.Release|x86.Build.0 = Release|Any CPU
		{654DEA13-FFEF-4409-8719-255176B3CAB3}.Debug|Any CPU.ActiveCfg = Debug|Any CPU
		{654DEA13-FFEF-4409-8719-255176B3CAB3}.Debug|Any CPU.Build.0 = Debug|Any CPU
		{654DEA13-FFEF-4409-8719-255176B3CAB3}.Debug|x64.ActiveCfg = Debug|Any CPU
		{654DEA13-FFEF-4409-8719-255176B3CAB3}.Debug|x64.Build.0 = Debug|Any CPU
		{654DEA13-FFEF-4409-8719-255176B3CAB3}.Debug|x86.ActiveCfg = Debug|Any CPU
		{654DEA13-FFEF-4409-8719-255176B3CAB3}.Debug|x86.Build.0 = Debug|Any CPU
		{654DEA13-FFEF-4409-8719-255176B3CAB3}.Release|Any CPU.ActiveCfg = Release|Any CPU
		{654DEA13-FFEF-4409-8719-255176B3CAB3}.Release|Any CPU.Build.0 = Release|Any CPU
		{654DEA13-FFEF-4409-8719-255176B3CAB3}.Release|x64.ActiveCfg = Release|Any CPU
		{654DEA13-FFEF-4409-8719-255176B3CAB3}.Release|x64.Build.0 = Release|Any CPU
		{654DEA13-FFEF-4409-8719-255176B3CAB3}.Release|x86.ActiveCfg = Release|Any CPU
		{654DEA13-FFEF-4409-8719-255176B3CAB3}.Release|x86.Build.0 = Release|Any CPU
		{407A66C2-9148-4AD2-9B48-B940C5E282FB}.Debug|Any CPU.ActiveCfg = Debug|Any CPU
		{407A66C2-9148-4AD2-9B48-B940C5E282FB}.Debug|Any CPU.Build.0 = Debug|Any CPU
		{407A66C2-9148-4AD2-9B48-B940C5E282FB}.Debug|x64.ActiveCfg = Debug|Any CPU
		{407A66C2-9148-4AD2-9B48-B940C5E282FB}.Debug|x64.Build.0 = Debug|Any CPU
		{407A66C2-9148-4AD2-9B48-B940C5E282FB}.Debug|x86.ActiveCfg = Debug|Any CPU
		{407A66C2-9148-4AD2-9B48-B940C5E282FB}.Debug|x86.Build.0 = Debug|Any CPU
		{407A66C2-9148-4AD2-9B48-B940C5E282FB}.Release|Any CPU.ActiveCfg = Release|Any CPU
		{407A66C2-9148-4AD2-9B48-B940C5E282FB}.Release|Any CPU.Build.0 = Release|Any CPU
		{407A66C2-9148-4AD2-9B48-B940C5E282FB}.Release|x64.ActiveCfg = Release|Any CPU
		{407A66C2-9148-4AD2-9B48-B940C5E282FB}.Release|x64.Build.0 = Release|Any CPU
		{407A66C2-9148-4AD2-9B48-B940C5E282FB}.Release|x86.ActiveCfg = Release|Any CPU
		{407A66C2-9148-4AD2-9B48-B940C5E282FB}.Release|x86.Build.0 = Release|Any CPU
		{4BFAB8A9-E6CF-94B8-775B-C274DE130B98}.Debug|Any CPU.ActiveCfg = Debug|Any CPU
		{4BFAB8A9-E6CF-94B8-775B-C274DE130B98}.Debug|Any CPU.Build.0 = Debug|Any CPU
		{4BFAB8A9-E6CF-94B8-775B-C274DE130B98}.Debug|x64.ActiveCfg = Debug|Any CPU
		{4BFAB8A9-E6CF-94B8-775B-C274DE130B98}.Debug|x64.Build.0 = Debug|Any CPU
		{4BFAB8A9-E6CF-94B8-775B-C274DE130B98}.Debug|x86.ActiveCfg = Debug|Any CPU
		{4BFAB8A9-E6CF-94B8-775B-C274DE130B98}.Debug|x86.Build.0 = Debug|Any CPU
		{4BFAB8A9-E6CF-94B8-775B-C274DE130B98}.Release|Any CPU.ActiveCfg = Release|Any CPU
		{4BFAB8A9-E6CF-94B8-775B-C274DE130B98}.Release|Any CPU.Build.0 = Release|Any CPU
		{4BFAB8A9-E6CF-94B8-775B-C274DE130B98}.Release|x64.ActiveCfg = Release|Any CPU
		{4BFAB8A9-E6CF-94B8-775B-C274DE130B98}.Release|x64.Build.0 = Release|Any CPU
		{4BFAB8A9-E6CF-94B8-775B-C274DE130B98}.Release|x86.ActiveCfg = Release|Any CPU
		{4BFAB8A9-E6CF-94B8-775B-C274DE130B98}.Release|x86.Build.0 = Release|Any CPU
		{3AC218F7-7B03-4157-A57F-405090DC2055}.Debug|Any CPU.ActiveCfg = Debug|Any CPU
		{3AC218F7-7B03-4157-A57F-405090DC2055}.Debug|Any CPU.Build.0 = Debug|Any CPU
		{3AC218F7-7B03-4157-A57F-405090DC2055}.Debug|x64.ActiveCfg = Debug|Any CPU
		{3AC218F7-7B03-4157-A57F-405090DC2055}.Debug|x64.Build.0 = Debug|Any CPU
		{3AC218F7-7B03-4157-A57F-405090DC2055}.Debug|x86.ActiveCfg = Debug|Any CPU
		{3AC218F7-7B03-4157-A57F-405090DC2055}.Debug|x86.Build.0 = Debug|Any CPU
		{3AC218F7-7B03-4157-A57F-405090DC2055}.Release|Any CPU.ActiveCfg = Release|Any CPU
		{3AC218F7-7B03-4157-A57F-405090DC2055}.Release|Any CPU.Build.0 = Release|Any CPU
		{3AC218F7-7B03-4157-A57F-405090DC2055}.Release|x64.ActiveCfg = Release|Any CPU
		{3AC218F7-7B03-4157-A57F-405090DC2055}.Release|x64.Build.0 = Release|Any CPU
		{3AC218F7-7B03-4157-A57F-405090DC2055}.Release|x86.ActiveCfg = Release|Any CPU
		{3AC218F7-7B03-4157-A57F-405090DC2055}.Release|x86.Build.0 = Release|Any CPU
		{9834D13C-B059-4867-B53E-50A072964667}.Debug|Any CPU.ActiveCfg = Debug|Any CPU
		{9834D13C-B059-4867-B53E-50A072964667}.Debug|Any CPU.Build.0 = Debug|Any CPU
		{9834D13C-B059-4867-B53E-50A072964667}.Debug|x64.ActiveCfg = Debug|Any CPU
		{9834D13C-B059-4867-B53E-50A072964667}.Debug|x64.Build.0 = Debug|Any CPU
		{9834D13C-B059-4867-B53E-50A072964667}.Debug|x86.ActiveCfg = Debug|Any CPU
		{9834D13C-B059-4867-B53E-50A072964667}.Debug|x86.Build.0 = Debug|Any CPU
		{9834D13C-B059-4867-B53E-50A072964667}.Release|Any CPU.ActiveCfg = Release|Any CPU
		{9834D13C-B059-4867-B53E-50A072964667}.Release|Any CPU.Build.0 = Release|Any CPU
		{9834D13C-B059-4867-B53E-50A072964667}.Release|x64.ActiveCfg = Release|Any CPU
		{9834D13C-B059-4867-B53E-50A072964667}.Release|x64.Build.0 = Release|Any CPU
		{9834D13C-B059-4867-B53E-50A072964667}.Release|x86.ActiveCfg = Release|Any CPU
		{9834D13C-B059-4867-B53E-50A072964667}.Release|x86.Build.0 = Release|Any CPU
		{91786790-724C-2EAF-1A8C-791C17A228C9}.Debug|Any CPU.ActiveCfg = Debug|Any CPU
		{91786790-724C-2EAF-1A8C-791C17A228C9}.Debug|Any CPU.Build.0 = Debug|Any CPU
		{91786790-724C-2EAF-1A8C-791C17A228C9}.Debug|x64.ActiveCfg = Debug|Any CPU
		{91786790-724C-2EAF-1A8C-791C17A228C9}.Debug|x64.Build.0 = Debug|Any CPU
		{91786790-724C-2EAF-1A8C-791C17A228C9}.Debug|x86.ActiveCfg = Debug|Any CPU
		{91786790-724C-2EAF-1A8C-791C17A228C9}.Debug|x86.Build.0 = Debug|Any CPU
		{91786790-724C-2EAF-1A8C-791C17A228C9}.Release|Any CPU.ActiveCfg = Release|Any CPU
		{91786790-724C-2EAF-1A8C-791C17A228C9}.Release|Any CPU.Build.0 = Release|Any CPU
		{91786790-724C-2EAF-1A8C-791C17A228C9}.Release|x64.ActiveCfg = Release|Any CPU
		{91786790-724C-2EAF-1A8C-791C17A228C9}.Release|x64.Build.0 = Release|Any CPU
		{91786790-724C-2EAF-1A8C-791C17A228C9}.Release|x86.ActiveCfg = Release|Any CPU
		{91786790-724C-2EAF-1A8C-791C17A228C9}.Release|x86.Build.0 = Release|Any CPU
		{F1F067CA-83C0-67D4-1249-16927E2CB73A}.Debug|Any CPU.ActiveCfg = Debug|Any CPU
		{F1F067CA-83C0-67D4-1249-16927E2CB73A}.Debug|Any CPU.Build.0 = Debug|Any CPU
		{F1F067CA-83C0-67D4-1249-16927E2CB73A}.Debug|x64.ActiveCfg = Debug|Any CPU
		{F1F067CA-83C0-67D4-1249-16927E2CB73A}.Debug|x64.Build.0 = Debug|Any CPU
		{F1F067CA-83C0-67D4-1249-16927E2CB73A}.Debug|x86.ActiveCfg = Debug|Any CPU
		{F1F067CA-83C0-67D4-1249-16927E2CB73A}.Debug|x86.Build.0 = Debug|Any CPU
		{F1F067CA-83C0-67D4-1249-16927E2CB73A}.Release|Any CPU.ActiveCfg = Release|Any CPU
		{F1F067CA-83C0-67D4-1249-16927E2CB73A}.Release|Any CPU.Build.0 = Release|Any CPU
		{F1F067CA-83C0-67D4-1249-16927E2CB73A}.Release|x64.ActiveCfg = Release|Any CPU
		{F1F067CA-83C0-67D4-1249-16927E2CB73A}.Release|x64.Build.0 = Release|Any CPU
		{F1F067CA-83C0-67D4-1249-16927E2CB73A}.Release|x86.ActiveCfg = Release|Any CPU
		{F1F067CA-83C0-67D4-1249-16927E2CB73A}.Release|x86.Build.0 = Release|Any CPU
		{5AC87E72-6375-4565-9E26-DD3E1890BFB6}.Debug|Any CPU.ActiveCfg = Debug|Any CPU
		{5AC87E72-6375-4565-9E26-DD3E1890BFB6}.Debug|Any CPU.Build.0 = Debug|Any CPU
		{5AC87E72-6375-4565-9E26-DD3E1890BFB6}.Debug|x64.ActiveCfg = Debug|Any CPU
		{5AC87E72-6375-4565-9E26-DD3E1890BFB6}.Debug|x64.Build.0 = Debug|Any CPU
		{5AC87E72-6375-4565-9E26-DD3E1890BFB6}.Debug|x86.ActiveCfg = Debug|Any CPU
		{5AC87E72-6375-4565-9E26-DD3E1890BFB6}.Debug|x86.Build.0 = Debug|Any CPU
		{5AC87E72-6375-4565-9E26-DD3E1890BFB6}.Release|Any CPU.ActiveCfg = Release|Any CPU
		{5AC87E72-6375-4565-9E26-DD3E1890BFB6}.Release|Any CPU.Build.0 = Release|Any CPU
		{5AC87E72-6375-4565-9E26-DD3E1890BFB6}.Release|x64.ActiveCfg = Release|Any CPU
		{5AC87E72-6375-4565-9E26-DD3E1890BFB6}.Release|x64.Build.0 = Release|Any CPU
		{5AC87E72-6375-4565-9E26-DD3E1890BFB6}.Release|x86.ActiveCfg = Release|Any CPU
		{5AC87E72-6375-4565-9E26-DD3E1890BFB6}.Release|x86.Build.0 = Release|Any CPU
		{288DC7FF-9391-47DE-BE80-6CE03E38CBE2}.Debug|Any CPU.ActiveCfg = Debug|Any CPU
		{288DC7FF-9391-47DE-BE80-6CE03E38CBE2}.Debug|Any CPU.Build.0 = Debug|Any CPU
		{288DC7FF-9391-47DE-BE80-6CE03E38CBE2}.Debug|x64.ActiveCfg = Debug|Any CPU
		{288DC7FF-9391-47DE-BE80-6CE03E38CBE2}.Debug|x64.Build.0 = Debug|Any CPU
		{288DC7FF-9391-47DE-BE80-6CE03E38CBE2}.Debug|x86.ActiveCfg = Debug|Any CPU
		{288DC7FF-9391-47DE-BE80-6CE03E38CBE2}.Debug|x86.Build.0 = Debug|Any CPU
		{288DC7FF-9391-47DE-BE80-6CE03E38CBE2}.Release|Any CPU.ActiveCfg = Release|Any CPU
		{288DC7FF-9391-47DE-BE80-6CE03E38CBE2}.Release|Any CPU.Build.0 = Release|Any CPU
		{288DC7FF-9391-47DE-BE80-6CE03E38CBE2}.Release|x64.ActiveCfg = Release|Any CPU
		{288DC7FF-9391-47DE-BE80-6CE03E38CBE2}.Release|x64.Build.0 = Release|Any CPU
		{288DC7FF-9391-47DE-BE80-6CE03E38CBE2}.Release|x86.ActiveCfg = Release|Any CPU
		{288DC7FF-9391-47DE-BE80-6CE03E38CBE2}.Release|x86.Build.0 = Release|Any CPU
	EndGlobalSection
	GlobalSection(SolutionProperties) = preSolution
		HideSolutionNode = FALSE
	EndGlobalSection
	GlobalSection(NestedProjects) = preSolution
		{74DBB65B-8717-4BC6-B042-79FDA377A533} = {02EA681E-C7D8-13C7-8484-4AC65E1B71E8}
		{2073C2C6-7C99-46FE-90E3-E845EEF2FD6C} = {02EA681E-C7D8-13C7-8484-4AC65E1B71E8}
		{ECD71231-234D-434A-9891-059749093AC1} = {02EA681E-C7D8-13C7-8484-4AC65E1B71E8}
		{CC761499-6044-48DF-9E01-744F32E64955} = {ECD71231-234D-434A-9891-059749093AC1}
		{D9842DC7-A4E0-4990-8C20-F27C0424D473} = {2073C2C6-7C99-46FE-90E3-E845EEF2FD6C}
		{C8687C11-EA0D-401B-AD02-315FDD9E5FED} = {CC761499-6044-48DF-9E01-744F32E64955}
		{21C726F2-FA45-4A7D-A2F8-4DBFA66DC69A} = {ECD71231-234D-434A-9891-059749093AC1}
		{D9CA5D71-21C8-4EC0-8545-C2BF80DFAE88} = {ECD71231-234D-434A-9891-059749093AC1}
		{F53B772B-6966-40C1-9B53-5AEBB10833A5} = {D9CA5D71-21C8-4EC0-8545-C2BF80DFAE88}
		{6D9854D0-9A0F-4AFE-A72B-E865351BD45B} = {D9CA5D71-21C8-4EC0-8545-C2BF80DFAE88}
		{261EEC25-A03C-4DA7-98BF-CD7D4B045362} = {74DBB65B-8717-4BC6-B042-79FDA377A533}
		{5BFCF882-622C-B8D2-008C-76CD9475AB09} = {6A8723BD-3073-45B4-AAC3-AA46A1973400}
		{426E85F2-5FB2-4C0A-9F2C-82433DB3DF6E} = {6A8723BD-3073-45B4-AAC3-AA46A1973400}
		{1579CBDE-9C24-473F-B6DD-417D71F97C2B} = {6A8723BD-3073-45B4-AAC3-AA46A1973400}
		{A4DF21BD-1EB0-449A-B43B-729B429A4EE0} = {6A8723BD-3073-45B4-AAC3-AA46A1973400}
		{654DEA13-FFEF-4409-8719-255176B3CAB3} = {6A8723BD-3073-45B4-AAC3-AA46A1973400}
		{407A66C2-9148-4AD2-9B48-B940C5E282FB} = {6A8723BD-3073-45B4-AAC3-AA46A1973400}
		{F5C540EC-FE47-400E-8D27-806115FB3ACB} = {D9CA5D71-21C8-4EC0-8545-C2BF80DFAE88}
		{8C286EB7-6319-426B-9673-B788916EA895} = {CC761499-6044-48DF-9E01-744F32E64955}
		{9DAB6414-448B-4DFC-B91F-0522E0E6A296} = {D9CA5D71-21C8-4EC0-8545-C2BF80DFAE88}
		{38BE54B3-B805-4083-843A-E963842AC97F} = {CC761499-6044-48DF-9E01-744F32E64955}
		{3AC218F7-7B03-4157-A57F-405090DC2055} = {6A8723BD-3073-45B4-AAC3-AA46A1973400}
		{9834D13C-B059-4867-B53E-50A072964667} = {6A8723BD-3073-45B4-AAC3-AA46A1973400}
		{585FCBFB-07BB-48A2-91C8-1F9904C7271A} = {D9CA5D71-21C8-4EC0-8545-C2BF80DFAE88}
		{0089E81B-D429-4A49-B03E-1578BB969E32} = {CC761499-6044-48DF-9E01-744F32E64955}
		{91786790-724C-2EAF-1A8C-791C17A228C9} = {6A8723BD-3073-45B4-AAC3-AA46A1973400}
		{F1F067CA-83C0-67D4-1249-16927E2CB73A} = {6A8723BD-3073-45B4-AAC3-AA46A1973400}
		{A479886F-9CB7-4446-9761-54AB8A22265B} = {D9CA5D71-21C8-4EC0-8545-C2BF80DFAE88}
		{C63C0671-956F-4231-814C-F6DF2A483FCF} = {CC761499-6044-48DF-9E01-744F32E64955}
		{5AC87E72-6375-4565-9E26-DD3E1890BFB6} = {6A8723BD-3073-45B4-AAC3-AA46A1973400}
		{288DC7FF-9391-47DE-BE80-6CE03E38CBE2} = {6A8723BD-3073-45B4-AAC3-AA46A1973400}
	EndGlobalSection
	GlobalSection(ExtensibilityGlobals) = postSolution
		SolutionGuid = {E66382B0-4071-49E7-95B0-4BCF0B2434D0}
	EndGlobalSection
EndGlobal
